
Microsoft Visual Studio Solution File, Format Version 12.00
# Visual Studio Version 17
VisualStudioVersion = 17.14.36429.23
MinimumVisualStudioVersion = 10.0.40219.1
Project("{2150E333-8FDC-42A3-9474-1A3956D46DE8}") = "Task0", "Task0", "{02EA681E-C7D8-13C7-8484-4AC65E1B71E8}"
EndProject
Project("{FAE04EC0-301F-11D3-BF4B-00C04F79EFBC}") = "Tyuiu.FlyagID.Sprint3.Task0.V4", "Tyuiu.FlyagID.Sprint3.Task0.V4\Tyuiu.FlyagID.Sprint3.Task0.V4.csproj", "{9D7C8499-0896-4D21-A82D-7EEB75D072A6}"
EndProject
Project("{FAE04EC0-301F-11D3-BF4B-00C04F79EFBC}") = "Tyuiu.FlyagID.Sprint3.Task0.V4.Lib", "Tyuiu.FlyagID.Sprint3.Task0.V4.Lib\Tyuiu.FlyagID.Sprint3.Task0.V4.Lib.csproj", "{E6CD449F-D4F1-4343-B281-C2CBC33BF12C}"
EndProject
Project("{FAE04EC0-301F-11D3-BF4B-00C04F79EFBC}") = "Tyuiu.FlyagID.Sprint3.Task0.V4.Test", "Tyuiu.FlyagID.Sprint3.Task0.V4.Test\Tyuiu.FlyagID.Sprint3.Task0.V4.Test.csproj", "{070F7149-3EC0-4C3C-97F7-2C0D29BEE7A5}"
EndProject
Project("{2150E333-8FDC-42A3-9474-1A3956D46DE8}") = "Task1", "Task1", "{E80B9A43-E563-4672-A79B-71152D2DC3F4}"
EndProject
Project("{FAE04EC0-301F-11D3-BF4B-00C04F79EFBC}") = "Tyuiu.FlyagID.Sprint3.Task1.V18", "Tyuiu.FlyagID.Sprint3.Task1.V18\Tyuiu.FlyagID.Sprint3.Task1.V18.csproj", "{CE48017D-A352-4C4C-BD16-B0A42F034D66}"
EndProject
Project("{FAE04EC0-301F-11D3-BF4B-00C04F79EFBC}") = "Tyuiu.FlyagID.Sprint3.Task1.V18.Lib", "Tyuiu.FlyagID.Sprint3.Task1.V18.Lib\Tyuiu.FlyagID.Sprint3.Task1.V18.Lib.csproj", "{031EFF16-4508-4A28-8EDF-FC356C212A8D}"
EndProject
Project("{FAE04EC0-301F-11D3-BF4B-00C04F79EFBC}") = "Tyuiu.FlyagID.Sprint3.Task1.V18.Test", "Tyuiu.FlyagID.Sprint3.Task1.V18.Test\Tyuiu.FlyagID.Sprint3.Task1.V18.Test.csproj", "{309D2F75-37C8-443B-8F23-DF36EEB98DE7}"
EndProject
Project("{2150E333-8FDC-42A3-9474-1A3956D46DE8}") = "Task2", "Task2", "{212B744B-D25A-4B62-9015-8506ABA69EB3}"
EndProject
Project("{FAE04EC0-301F-11D3-BF4B-00C04F79EFBC}") = "Tyuiu.FlyagID.Sprint3.Task2.V21", "Tyuiu.FlyagID.Sprint3.Task2.V21\Tyuiu.FlyagID.Sprint3.Task2.V21.csproj", "{62FD56CE-157B-4E24-AD97-4B99484E8C50}"
EndProject
Project("{FAE04EC0-301F-11D3-BF4B-00C04F79EFBC}") = "Tyuiu.FlyagID.Sprint3.Task2.V21.Lib", "Tyuiu.FlyagID.Sprint3.Task2.V21.Lib\Tyuiu.FlyagID.Sprint3.Task2.V21.Lib.csproj", "{0CDDD8BF-F4A0-4E2C-956F-292E494828B7}"
EndProject
Project("{FAE04EC0-301F-11D3-BF4B-00C04F79EFBC}") = "Tyuiu.FlyagID.Sprint3.Task2.V21.Test", "Tyuiu.FlyagID.Sprint3.Task2.V21.Test\Tyuiu.FlyagID.Sprint3.Task2.V21.Test.csproj", "{7DD987EB-7244-4B1F-A714-BDF9567B9C56}"
EndProject
Project("{2150E333-8FDC-42A3-9474-1A3956D46DE8}") = "Task3", "Task3", "{5089F51A-2210-4A5E-93CA-88ECE9EDE657}"
EndProject
Project("{FAE04EC0-301F-11D3-BF4B-00C04F79EFBC}") = "Tyuiu.FlyagID.Sprint3.Task3.V8", "Tyuiu.FlyagID.Sprint3.Task3.V8\Tyuiu.FlyagID.Sprint3.Task3.V8.csproj", "{EFE78A3A-F09E-41E1-8E40-799F5B8A3186}"
EndProject
Project("{FAE04EC0-301F-11D3-BF4B-00C04F79EFBC}") = "Tyuiu.FlyagID.Sprint3.Task3.V8.Lib", "Tyuiu.FlyagID.Sprint3.Task3.V8.Lib\Tyuiu.FlyagID.Sprint3.Task3.V8.Lib.csproj", "{78BAACC7-ACF6-4218-98EE-A7162501042C}"
EndProject
Project("{FAE04EC0-301F-11D3-BF4B-00C04F79EFBC}") = "Tyuiu.FlyagID.Sprint3.Task3.V8.Test", "Tyuiu.FlyagID.Sprint3.Task3.V8.Test\Tyuiu.FlyagID.Sprint3.Task3.V8.Test.csproj", "{5AEF654E-C5CD-4DA4-8707-5306AE9DA0F6}"
EndProject
Project("{2150E333-8FDC-42A3-9474-1A3956D46DE8}") = "Task4", "Task4", "{2A544026-47D6-4B7C-9B10-80E37CF41EA0}"
EndProject
Project("{FAE04EC0-301F-11D3-BF4B-00C04F79EFBC}") = "Tyuiu.FlyagID.Sprint3.Task4.V24", "Tyuiu.FlyagID.Sprint3.Task4.V24\Tyuiu.FlyagID.Sprint3.Task4.V24.csproj", "{4764BC43-4F3D-4636-98D2-F9EB2EBD27A6}"
EndProject
Project("{FAE04EC0-301F-11D3-BF4B-00C04F79EFBC}") = "Tyuiu.FlyagID.Sprint3.Task4.V24.Lib", "Tyuiu.FlyagID.Sprint3.Task4.V24.Lib\Tyuiu.FlyagID.Sprint3.Task4.V24.Lib.csproj", "{66A0119D-66BB-411A-BD29-043075B1356F}"
EndProject
Project("{FAE04EC0-301F-11D3-BF4B-00C04F79EFBC}") = "Tyuiu.FlyagID.Sprint3.Task4.V24.Test", "Tyuiu.FlyagID.Sprint3.Task4.V24.Test\Tyuiu.FlyagID.Sprint3.Task4.V24.Test.csproj", "{4A52D249-8285-40D3-BBD0-0DD94FF7C785}"
EndProject
Project("{2150E333-8FDC-42A3-9474-1A3956D46DE8}") = "Task5", "Task5", "{2C184676-D8D5-42AC-82A6-DF6FD1102CD7}"
EndProject
Project("{FAE04EC0-301F-11D3-BF4B-00C04F79EFBC}") = "Tyuiu.FlyagID.Sprint3.Task5.V18", "Tyuiu.FlyagID.Sprint3.Task5.V18\Tyuiu.FlyagID.Sprint3.Task5.V18.csproj", "{E7F6A8CD-C80C-4670-B220-6BB047851754}"
EndProject
Project("{FAE04EC0-301F-11D3-BF4B-00C04F79EFBC}") = "Tyuiu.FlyagID.Sprint3.Task5.V18.Lib", "Tyuiu.FlyagID.Sprint3.Task5.V18.Lib\Tyuiu.FlyagID.Sprint3.Task5.V18.Lib.csproj", "{3136D15C-F853-462B-A7AA-213EC41C7B65}"
EndProject
Project("{FAE04EC0-301F-11D3-BF4B-00C04F79EFBC}") = "Tyuiu.FlyagID.Sprint3.Task5.V18.Test", "Tyuiu.FlyagID.Sprint3.Task5.V18.Test\Tyuiu.FlyagID.Sprint3.Task5.V18.Test.csproj", "{A7BC4378-15E2-458D-A701-33C8E6858FDF}"
EndProject
Project("{2150E333-8FDC-42A3-9474-1A3956D46DE8}") = "Task6", "Task6", "{EF6804E3-CAB7-401C-AE5D-82FCD0D5BA7D}"
EndProject
Project("{FAE04EC0-301F-11D3-BF4B-00C04F79EFBC}") = "Tyuiu.FlyagID.Sprint3.Task6.V28", "Tyuiu.FlyagID.Sprint3.Task6.V28\Tyuiu.FlyagID.Sprint3.Task6.V28.csproj", "{5748E47F-849C-414B-841C-4ACC53AC70A0}"
EndProject
Project("{FAE04EC0-301F-11D3-BF4B-00C04F79EFBC}") = "Tyuiu.FlyagID.Sprint3.Task6.V28.Lib", "Tyuiu.FlyagID.Sprint3.Task6.V28.Lib\Tyuiu.FlyagID.Sprint3.Task6.V28.Lib.csproj", "{0D80D65D-DE29-442A-9E6E-92C2948E59A7}"
EndProject
Project("{FAE04EC0-301F-11D3-BF4B-00C04F79EFBC}") = "Tyuiu.FlyagID.Sprint3.Task6.V28.Test", "Tyuiu.FlyagID.Sprint3.Task6.V28.Test\Tyuiu.FlyagID.Sprint3.Task6.V28.Test.csproj", "{5DDBA0B0-DCD7-4E76-BC63-C0FF02812895}"
EndProject
Project("{2150E333-8FDC-42A3-9474-1A3956D46DE8}") = "Task7", "Task7", "{1C822080-50E0-46A3-8B71-219EE2EE6E8D}"
EndProject
Project("{FAE04EC0-301F-11D3-BF4B-00C04F79EFBC}") = "Tyuiu.FlyagID.Sprint3.Task7.V29", "Tyuiu.FlyagID.Sprint3.Task7.V29\Tyuiu.FlyagID.Sprint3.Task7.V29.csproj", "{B7C2D9AA-C0C3-47E4-AF59-231288078EBB}"
EndProject
Project("{FAE04EC0-301F-11D3-BF4B-00C04F79EFBC}") = "Tyuiu.FlyagID.Sprint3.Task7.V29.Lib", "Tyuiu.FlyagID.Sprint3.Task7.V29.Lib\Tyuiu.FlyagID.Sprint3.Task7.V29.Lib.csproj", "{998F2F70-A5D1-448A-B635-7704231DEB76}"
EndProject
Project("{FAE04EC0-301F-11D3-BF4B-00C04F79EFBC}") = "Tyuiu.FlyagID.Sprint3.Task7.V29.Test", "Tyuiu.FlyagID.Sprint3.Task7.V29.Test\Tyuiu.FlyagID.Sprint3.Task7.V29.Test.csproj", "{535E6DDD-9A0D-4E13-A71E-5E7F5485B816}"
EndProject
Global
	GlobalSection(SolutionConfigurationPlatforms) = preSolution
		Debug|Any CPU = Debug|Any CPU
		Release|Any CPU = Release|Any CPU
	EndGlobalSection
	GlobalSection(ProjectConfigurationPlatforms) = postSolution
		{9D7C8499-0896-4D21-A82D-7EEB75D072A6}.Debug|Any CPU.ActiveCfg = Debug|Any CPU
		{9D7C8499-0896-4D21-A82D-7EEB75D072A6}.Debug|Any CPU.Build.0 = Debug|Any CPU
		{9D7C8499-0896-4D21-A82D-7EEB75D072A6}.Release|Any CPU.ActiveCfg = Release|Any CPU
		{9D7C8499-0896-4D21-A82D-7EEB75D072A6}.Release|Any CPU.Build.0 = Release|Any CPU
		{E6CD449F-D4F1-4343-B281-C2CBC33BF12C}.Debug|Any CPU.ActiveCfg = Debug|Any CPU
		{E6CD449F-D4F1-4343-B281-C2CBC33BF12C}.Debug|Any CPU.Build.0 = Debug|Any CPU
		{E6CD449F-D4F1-4343-B281-C2CBC33BF12C}.Release|Any CPU.ActiveCfg = Release|Any CPU
		{E6CD449F-D4F1-4343-B281-C2CBC33BF12C}.Release|Any CPU.Build.0 = Release|Any CPU
		{070F7149-3EC0-4C3C-97F7-2C0D29BEE7A5}.Debug|Any CPU.ActiveCfg = Debug|Any CPU
		{070F7149-3EC0-4C3C-97F7-2C0D29BEE7A5}.Debug|Any CPU.Build.0 = Debug|Any CPU
		{070F7149-3EC0-4C3C-97F7-2C0D29BEE7A5}.Release|Any CPU.ActiveCfg = Release|Any CPU
		{070F7149-3EC0-4C3C-97F7-2C0D29BEE7A5}.Release|Any CPU.Build.0 = Release|Any CPU
		{CE48017D-A352-4C4C-BD16-B0A42F034D66}.Debug|Any CPU.ActiveCfg = Debug|Any CPU
		{CE48017D-A352-4C4C-BD16-B0A42F034D66}.Debug|Any CPU.Build.0 = Debug|Any CPU
		{CE48017D-A352-4C4C-BD16-B0A42F034D66}.Release|Any CPU.ActiveCfg = Release|Any CPU
		{CE48017D-A352-4C4C-BD16-B0A42F034D66}.Release|Any CPU.Build.0 = Release|Any CPU
		{031EFF16-4508-4A28-8EDF-FC356C212A8D}.Debug|Any CPU.ActiveCfg = Debug|Any CPU
		{031EFF16-4508-4A28-8EDF-FC356C212A8D}.Debug|Any CPU.Build.0 = Debug|Any CPU
		{031EFF16-4508-4A28-8EDF-FC356C212A8D}.Release|Any CPU.ActiveCfg = Release|Any CPU
		{031EFF16-4508-4A28-8EDF-FC356C212A8D}.Release|Any CPU.Build.0 = Release|Any CPU
		{309D2F75-37C8-443B-8F23-DF36EEB98DE7}.Debug|Any CPU.ActiveCfg = Debug|Any CPU
		{309D2F75-37C8-443B-8F23-DF36EEB98DE7}.Debug|Any CPU.Build.0 = Debug|Any CPU
		{309D2F75-37C8-443B-8F23-DF36EEB98DE7}.Release|Any CPU.ActiveCfg = Release|Any CPU
		{309D2F75-37C8-443B-8F23-DF36EEB98DE7}.Release|Any CPU.Build.0 = Release|Any CPU
		{62FD56CE-157B-4E24-AD97-4B99484E8C50}.Debug|Any CPU.ActiveCfg = Debug|Any CPU
		{62FD56CE-157B-4E24-AD97-4B99484E8C50}.Debug|Any CPU.Build.0 = Debug|Any CPU
		{62FD56CE-157B-4E24-AD97-4B99484E8C50}.Release|Any CPU.ActiveCfg = Release|Any CPU
		{62FD56CE-157B-4E24-AD97-4B99484E8C50}.Release|Any CPU.Build.0 = Release|Any CPU
		{0CDDD8BF-F4A0-4E2C-956F-292E494828B7}.Debug|Any CPU.ActiveCfg = Debug|Any CPU
		{0CDDD8BF-F4A0-4E2C-956F-292E494828B7}.Debug|Any CPU.Build.0 = Debug|Any CPU
		{0CDDD8BF-F4A0-4E2C-956F-292E494828B7}.Release|Any CPU.ActiveCfg = Release|Any CPU
		{0CDDD8BF-F4A0-4E2C-956F-292E494828B7}.Release|Any CPU.Build.0 = Release|Any CPU
		{7DD987EB-7244-4B1F-A714-BDF9567B9C56}.Debug|Any CPU.ActiveCfg = Debug|Any CPU
		{7DD987EB-7244-4B1F-A714-BDF9567B9C56}.Debug|Any CPU.Build.0 = Debug|Any CPU
		{7DD987EB-7244-4B1F-A714-BDF9567B9C56}.Release|Any CPU.ActiveCfg = Release|Any CPU
		{7DD987EB-7244-4B1F-A714-BDF9567B9C56}.Release|Any CPU.Build.0 = Release|Any CPU
		{EFE78A3A-F09E-41E1-8E40-799F5B8A3186}.Debug|Any CPU.ActiveCfg = Debug|Any CPU
		{EFE78A3A-F09E-41E1-8E40-799F5B8A3186}.Debug|Any CPU.Build.0 = Debug|Any CPU
		{EFE78A3A-F09E-41E1-8E40-799F5B8A3186}.Release|Any CPU.ActiveCfg = Release|Any CPU
		{EFE78A3A-F09E-41E1-8E40-799F5B8A3186}.Release|Any CPU.Build.0 = Release|Any CPU
		{78BAACC7-ACF6-4218-98EE-A7162501042C}.Debug|Any CPU.ActiveCfg = Debug|Any CPU
		{78BAACC7-ACF6-4218-98EE-A7162501042C}.Debug|Any CPU.Build.0 = Debug|Any CPU
		{78BAACC7-ACF6-4218-98EE-A7162501042C}.Release|Any CPU.ActiveCfg = Release|Any CPU
		{78BAACC7-ACF6-4218-98EE-A7162501042C}.Release|Any CPU.Build.0 = Release|Any CPU
		{5AEF654E-C5CD-4DA4-8707-5306AE9DA0F6}.Debug|Any CPU.ActiveCfg = Debug|Any CPU
		{5AEF654E-C5CD-4DA4-8707-5306AE9DA0F6}.Debug|Any CPU.Build.0 = Debug|Any CPU
		{5AEF654E-C5CD-4DA4-8707-5306AE9DA0F6}.Release|Any CPU.ActiveCfg = Release|Any CPU
		{5AEF654E-C5CD-4DA4-8707-5306AE9DA0F6}.Release|Any CPU.Build.0 = Release|Any CPU
		{4764BC43-4F3D-4636-98D2-F9EB2EBD27A6}.Debug|Any CPU.ActiveCfg = Debug|Any CPU
		{4764BC43-4F3D-4636-98D2-F9EB2EBD27A6}.Debug|Any CPU.Build.0 = Debug|Any CPU
		{4764BC43-4F3D-4636-98D2-F9EB2EBD27A6}.Release|Any CPU.ActiveCfg = Release|Any CPU
		{4764BC43-4F3D-4636-98D2-F9EB2EBD27A6}.Release|Any CPU.Build.0 = Release|Any CPU
		{66A0119D-66BB-411A-BD29-043075B1356F}.Debug|Any CPU.ActiveCfg = Debug|Any CPU
		{66A0119D-66BB-411A-BD29-043075B1356F}.Debug|Any CPU.Build.0 = Debug|Any CPU
		{66A0119D-66BB-411A-BD29-043075B1356F}.Release|Any CPU.ActiveCfg = Release|Any CPU
		{66A0119D-66BB-411A-BD29-043075B1356F}.Release|Any CPU.Build.0 = Release|Any CPU
		{4A52D249-8285-40D3-BBD0-0DD94FF7C785}.Debug|Any CPU.ActiveCfg = Debug|Any CPU
		{4A52D249-8285-40D3-BBD0-0DD94FF7C785}.Debug|Any CPU.Build.0 = Debug|Any CPU
		{4A52D249-8285-40D3-BBD0-0DD94FF7C785}.Release|Any CPU.ActiveCfg = Release|Any CPU
		{4A52D249-8285-40D3-BBD0-0DD94FF7C785}.Release|Any CPU.Build.0 = Release|Any CPU
		{E7F6A8CD-C80C-4670-B220-6BB047851754}.Debug|Any CPU.ActiveCfg = Debug|Any CPU
		{E7F6A8CD-C80C-4670-B220-6BB047851754}.Debug|Any CPU.Build.0 = Debug|Any CPU
		{E7F6A8CD-C80C-4670-B220-6BB047851754}.Release|Any CPU.ActiveCfg = Release|Any CPU
		{E7F6A8CD-C80C-4670-B220-6BB047851754}.Release|Any CPU.Build.0 = Release|Any CPU
		{3136D15C-F853-462B-A7AA-213EC41C7B65}.Debug|Any CPU.ActiveCfg = Debug|Any CPU
		{3136D15C-F853-462B-A7AA-213EC41C7B65}.Debug|Any CPU.Build.0 = Debug|Any CPU
		{3136D15C-F853-462B-A7AA-213EC41C7B65}.Release|Any CPU.ActiveCfg = Release|Any CPU
		{3136D15C-F853-462B-A7AA-213EC41C7B65}.Release|Any CPU.Build.0 = Release|Any CPU
		{A7BC4378-15E2-458D-A701-33C8E6858FDF}.Debug|Any CPU.ActiveCfg = Debug|Any CPU
		{A7BC4378-15E2-458D-A701-33C8E6858FDF}.Debug|Any CPU.Build.0 = Debug|Any CPU
		{A7BC4378-15E2-458D-A701-33C8E6858FDF}.Release|Any CPU.ActiveCfg = Release|Any CPU
		{A7BC4378-15E2-458D-A701-33C8E6858FDF}.Release|Any CPU.Build.0 = Release|Any CPU
		{5748E47F-849C-414B-841C-4ACC53AC70A0}.Debug|Any CPU.ActiveCfg = Debug|Any CPU
		{5748E47F-849C-414B-841C-4ACC53AC70A0}.Debug|Any CPU.Build.0 = Debug|Any CPU
		{5748E47F-849C-414B-841C-4ACC53AC70A0}.Release|Any CPU.ActiveCfg = Release|Any CPU
		{5748E47F-849C-414B-841C-4ACC53AC70A0}.Release|Any CPU.Build.0 = Release|Any CPU
		{0D80D65D-DE29-442A-9E6E-92C2948E59A7}.Debug|Any CPU.ActiveCfg = Debug|Any CPU
		{0D80D65D-DE29-442A-9E6E-92C2948E59A7}.Debug|Any CPU.Build.0 = Debug|Any CPU
		{0D80D65D-DE29-442A-9E6E-92C2948E59A7}.Release|Any CPU.ActiveCfg = Release|Any CPU
		{0D80D65D-DE29-442A-9E6E-92C2948E59A7}.Release|Any CPU.Build.0 = Release|Any CPU
		{5DDBA0B0-DCD7-4E76-BC63-C0FF02812895}.Debug|Any CPU.ActiveCfg = Debug|Any CPU
		{5DDBA0B0-DCD7-4E76-BC63-C0FF02812895}.Debug|Any CPU.Build.0 = Debug|Any CPU
		{5DDBA0B0-DCD7-4E76-BC63-C0FF02812895}.Release|Any CPU.ActiveCfg = Release|Any CPU
		{5DDBA0B0-DCD7-4E76-BC63-C0FF02812895}.Release|Any CPU.Build.0 = Release|Any CPU
		{B7C2D9AA-C0C3-47E4-AF59-231288078EBB}.Debug|Any CPU.ActiveCfg = Debug|Any CPU
		{B7C2D9AA-C0C3-47E4-AF59-231288078EBB}.Debug|Any CPU.Build.0 = Debug|Any CPU
		{B7C2D9AA-C0C3-47E4-AF59-231288078EBB}.Release|Any CPU.ActiveCfg = Release|Any CPU
		{B7C2D9AA-C0C3-47E4-AF59-231288078EBB}.Release|Any CPU.Build.0 = Release|Any CPU
		{998F2F70-A5D1-448A-B635-7704231DEB76}.Debug|Any CPU.ActiveCfg = Debug|Any CPU
		{998F2F70-A5D1-448A-B635-7704231DEB76}.Debug|Any CPU.Build.0 = Debug|Any CPU
		{998F2F70-A5D1-448A-B635-7704231DEB76}.Release|Any CPU.ActiveCfg = Release|Any CPU
		{998F2F70-A5D1-448A-B635-7704231DEB76}.Release|Any CPU.Build.0 = Release|Any CPU
		{535E6DDD-9A0D-4E13-A71E-5E7F5485B816}.Debug|Any CPU.ActiveCfg = Debug|Any CPU
		{535E6DDD-9A0D-4E13-A71E-5E7F5485B816}.Debug|Any CPU.Build.0 = Debug|Any CPU
		{535E6DDD-9A0D-4E13-A71E-5E7F5485B816}.Release|Any CPU.ActiveCfg = Release|Any CPU
		{535E6DDD-9A0D-4E13-A71E-5E7F5485B816}.Release|Any CPU.Build.0 = Release|Any CPU
	EndGlobalSection
	GlobalSection(SolutionProperties) = preSolution
		HideSolutionNode = FALSE
	EndGlobalSection
	GlobalSection(NestedProjects) = preSolution
		{9D7C8499-0896-4D21-A82D-7EEB75D072A6} = {02EA681E-C7D8-13C7-8484-4AC65E1B71E8}
		{E6CD449F-D4F1-4343-B281-C2CBC33BF12C} = {02EA681E-C7D8-13C7-8484-4AC65E1B71E8}
		{070F7149-3EC0-4C3C-97F7-2C0D29BEE7A5} = {02EA681E-C7D8-13C7-8484-4AC65E1B71E8}
		{CE48017D-A352-4C4C-BD16-B0A42F034D66} = {E80B9A43-E563-4672-A79B-71152D2DC3F4}
		{031EFF16-4508-4A28-8EDF-FC356C212A8D} = {E80B9A43-E563-4672-A79B-71152D2DC3F4}
		{309D2F75-37C8-443B-8F23-DF36EEB98DE7} = {E80B9A43-E563-4672-A79B-71152D2DC3F4}
		{62FD56CE-157B-4E24-AD97-4B99484E8C50} = {212B744B-D25A-4B62-9015-8506ABA69EB3}
		{0CDDD8BF-F4A0-4E2C-956F-292E494828B7} = {212B744B-D25A-4B62-9015-8506ABA69EB3}
		{7DD987EB-7244-4B1F-A714-BDF9567B9C56} = {212B744B-D25A-4B62-9015-8506ABA69EB3}
		{EFE78A3A-F09E-41E1-8E40-799F5B8A3186} = {5089F51A-2210-4A5E-93CA-88ECE9EDE657}
		{78BAACC7-ACF6-4218-98EE-A7162501042C} = {5089F51A-2210-4A5E-93CA-88ECE9EDE657}
		{5AEF654E-C5CD-4DA4-8707-5306AE9DA0F6} = {5089F51A-2210-4A5E-93CA-88ECE9EDE657}
		{4764BC43-4F3D-4636-98D2-F9EB2EBD27A6} = {2A544026-47D6-4B7C-9B10-80E37CF41EA0}
		{66A0119D-66BB-411A-BD29-043075B1356F} = {2A544026-47D6-4B7C-9B10-80E37CF41EA0}
		{4A52D249-8285-40D3-BBD0-0DD94FF7C785} = {2A544026-47D6-4B7C-9B10-80E37CF41EA0}
		{E7F6A8CD-C80C-4670-B220-6BB047851754} = {2C184676-D8D5-42AC-82A6-DF6FD1102CD7}
		{3136D15C-F853-462B-A7AA-213EC41C7B65} = {2C184676-D8D5-42AC-82A6-DF6FD1102CD7}
		{A7BC4378-15E2-458D-A701-33C8E6858FDF} = {2C184676-D8D5-42AC-82A6-DF6FD1102CD7}
		{5748E47F-849C-414B-841C-4ACC53AC70A0} = {EF6804E3-CAB7-401C-AE5D-82FCD0D5BA7D}
		{0D80D65D-DE29-442A-9E6E-92C2948E59A7} = {EF6804E3-CAB7-401C-AE5D-82FCD0D5BA7D}
		{5DDBA0B0-DCD7-4E76-BC63-C0FF02812895} = {EF6804E3-CAB7-401C-AE5D-82FCD0D5BA7D}
		{B7C2D9AA-C0C3-47E4-AF59-231288078EBB} = {1C822080-50E0-46A3-8B71-219EE2EE6E8D}
		{998F2F70-A5D1-448A-B635-7704231DEB76} = {1C822080-50E0-46A3-8B71-219EE2EE6E8D}
		{535E6DDD-9A0D-4E13-A71E-5E7F5485B816} = {1C822080-50E0-46A3-8B71-219EE2EE6E8D}
	EndGlobalSection
	GlobalSection(ExtensibilityGlobals) = postSolution
		SolutionGuid = {1806B790-AA8D-4D5C-8C03-371E15234582}
	EndGlobalSection
EndGlobal
